// !$*UTF8*$!
{
	archiveVersion = 1;
	classes = {
	};
	objectVersion = 50;
	objects = {

/* Begin PBXBuildFile section */
		59540624209AB9AA0006A3CB /* AppDelegate.swift in Sources */ = {isa = PBXBuildFile; fileRef = 59540623209AB9AA0006A3CB /* AppDelegate.swift */; };
		59540626209AB9AA0006A3CB /* ViewController.swift in Sources */ = {isa = PBXBuildFile; fileRef = 59540625209AB9AA0006A3CB /* ViewController.swift */; };
		59540629209AB9AA0006A3CB /* Main.storyboard in Resources */ = {isa = PBXBuildFile; fileRef = 59540627209AB9AA0006A3CB /* Main.storyboard */; };
		5954062B209AB9AE0006A3CB /* Assets.xcassets in Resources */ = {isa = PBXBuildFile; fileRef = 5954062A209AB9AE0006A3CB /* Assets.xcassets */; };
		5954062E209AB9AE0006A3CB /* LaunchScreen.storyboard in Resources */ = {isa = PBXBuildFile; fileRef = 5954062C209AB9AE0006A3CB /* LaunchScreen.storyboard */; };
		59540636209ABF250006A3CB /* Canvas.swift in Sources */ = {isa = PBXBuildFile; fileRef = 59540635209ABF250006A3CB /* Canvas.swift */; };
		59BDE8EC20AA9EF300F0AF73 /* ScratchMask.swift in Sources */ = {isa = PBXBuildFile; fileRef = 59BDE8EB20AA9EF300F0AF73 /* ScratchMask.swift */; };
		59BDE8EE20AA9F1A00F0AF73 /* ScratchCard.swift in Sources */ = {isa = PBXBuildFile; fileRef = 59BDE8ED20AA9F1A00F0AF73 /* ScratchCard.swift */; };
		59BDE90120B68A8900F0AF73 /* tessdata in Resources */ = {isa = PBXBuildFile; fileRef = 59BDE90020B68A8800F0AF73 /* tessdata */; };
		8091C8FA7DDE3BA3E4D719A0 /* Pods_DrawTest.framework in Frameworks */ = {isa = PBXBuildFile; fileRef = 8FBE1958C40765DCE1510C98 /* Pods_DrawTest.framework */; };
/* End PBXBuildFile section */

/* Begin PBXFileReference section */
		414FC6A200A39E871E10F468 /* Pods-DrawTest.release.xcconfig */ = {isa = PBXFileReference; includeInIndex = 1; lastKnownFileType = text.xcconfig; name = "Pods-DrawTest.release.xcconfig"; path = "Pods/Target Support Files/Pods-DrawTest/Pods-DrawTest.release.xcconfig"; sourceTree = "<group>"; };
		59540620209AB9AA0006A3CB /* DrawTest.app */ = {isa = PBXFileReference; explicitFileType = wrapper.application; includeInIndex = 0; path = DrawTest.app; sourceTree = BUILT_PRODUCTS_DIR; };
		59540623209AB9AA0006A3CB /* AppDelegate.swift */ = {isa = PBXFileReference; lastKnownFileType = sourcecode.swift; path = AppDelegate.swift; sourceTree = "<group>"; };
		59540625209AB9AA0006A3CB /* ViewController.swift */ = {isa = PBXFileReference; lastKnownFileType = sourcecode.swift; path = ViewController.swift; sourceTree = "<group>"; };
		59540628209AB9AA0006A3CB /* Base */ = {isa = PBXFileReference; lastKnownFileType = file.storyboard; name = Base; path = Base.lproj/Main.storyboard; sourceTree = "<group>"; };
		5954062A209AB9AE0006A3CB /* Assets.xcassets */ = {isa = PBXFileReference; lastKnownFileType = folder.assetcatalog; path = Assets.xcassets; sourceTree = "<group>"; };
		5954062D209AB9AE0006A3CB /* Base */ = {isa = PBXFileReference; lastKnownFileType = file.storyboard; name = Base; path = Base.lproj/LaunchScreen.storyboard; sourceTree = "<group>"; };
		5954062F209AB9AE0006A3CB /* Info.plist */ = {isa = PBXFileReference; lastKnownFileType = text.plist.xml; path = Info.plist; sourceTree = "<group>"; };
		59540635209ABF250006A3CB /* Canvas.swift */ = {isa = PBXFileReference; lastKnownFileType = sourcecode.swift; path = Canvas.swift; sourceTree = "<group>"; };
		59BDE8EB20AA9EF300F0AF73 /* ScratchMask.swift */ = {isa = PBXFileReference; lastKnownFileType = sourcecode.swift; path = ScratchMask.swift; sourceTree = "<group>"; };
		59BDE8ED20AA9F1A00F0AF73 /* ScratchCard.swift */ = {isa = PBXFileReference; lastKnownFileType = sourcecode.swift; path = ScratchCard.swift; sourceTree = "<group>"; };
		59BDE90020B68A8800F0AF73 /* tessdata */ = {isa = PBXFileReference; lastKnownFileType = folder; path = tessdata; sourceTree = "<group>"; };
		8FBE1958C40765DCE1510C98 /* Pods_DrawTest.framework */ = {isa = PBXFileReference; explicitFileType = wrapper.framework; includeInIndex = 0; path = Pods_DrawTest.framework; sourceTree = BUILT_PRODUCTS_DIR; };
		98BB9414382679097AA93D6F /* Pods-DrawTest.debug.xcconfig */ = {isa = PBXFileReference; includeInIndex = 1; lastKnownFileType = text.xcconfig; name = "Pods-DrawTest.debug.xcconfig"; path = "Pods/Target Support Files/Pods-DrawTest/Pods-DrawTest.debug.xcconfig"; sourceTree = "<group>"; };
/* End PBXFileReference section */

/* Begin PBXFrameworksBuildPhase section */
		5954061D209AB9AA0006A3CB /* Frameworks */ = {
			isa = PBXFrameworksBuildPhase;
			buildActionMask = 2147483647;
			files = (
				8091C8FA7DDE3BA3E4D719A0 /* Pods_DrawTest.framework in Frameworks */,
			);
			runOnlyForDeploymentPostprocessing = 0;
		};
/* End PBXFrameworksBuildPhase section */

/* Begin PBXGroup section */
		07D8ADB2F65C0CF0CF6097CE /* Frameworks */ = {
			isa = PBXGroup;
			children = (
				8FBE1958C40765DCE1510C98 /* Pods_DrawTest.framework */,
			);
			name = Frameworks;
			sourceTree = "<group>";
		};
		59540617209AB9AA0006A3CB = {
			isa = PBXGroup;
			children = (
				59540622209AB9AA0006A3CB /* DrawTest */,
				59540621209AB9AA0006A3CB /* Products */,
				CAC2D1EDA31A0EC06E66BF93 /* Pods */,
				07D8ADB2F65C0CF0CF6097CE /* Frameworks */,
			);
			sourceTree = "<group>";
		};
		59540621209AB9AA0006A3CB /* Products */ = {
			isa = PBXGroup;
			children = (
				59540620209AB9AA0006A3CB /* DrawTest.app */,
			);
			name = Products;
			sourceTree = "<group>";
		};
		59540622209AB9AA0006A3CB /* DrawTest */ = {
			isa = PBXGroup;
			children = (
				59BDE90020B68A8800F0AF73 /* tessdata */,
				59540623209AB9AA0006A3CB /* AppDelegate.swift */,
				59540625209AB9AA0006A3CB /* ViewController.swift */,
				59540627209AB9AA0006A3CB /* Main.storyboard */,
				5954062A209AB9AE0006A3CB /* Assets.xcassets */,
				5954062C209AB9AE0006A3CB /* LaunchScreen.storyboard */,
				5954062F209AB9AE0006A3CB /* Info.plist */,
				59540635209ABF250006A3CB /* Canvas.swift */,
				59BDE8EB20AA9EF300F0AF73 /* ScratchMask.swift */,
				59BDE8ED20AA9F1A00F0AF73 /* ScratchCard.swift */,
			);
			path = DrawTest;
			sourceTree = "<group>";
		};
		CAC2D1EDA31A0EC06E66BF93 /* Pods */ = {
			isa = PBXGroup;
			children = (
				98BB9414382679097AA93D6F /* Pods-DrawTest.debug.xcconfig */,
				414FC6A200A39E871E10F468 /* Pods-DrawTest.release.xcconfig */,
			);
			name = Pods;
			sourceTree = "<group>";
		};
/* End PBXGroup section */

/* Begin PBXNativeTarget section */
		5954061F209AB9AA0006A3CB /* DrawTest */ = {
			isa = PBXNativeTarget;
			buildConfigurationList = 59540632209AB9AE0006A3CB /* Build configuration list for PBXNativeTarget "DrawTest" */;
			buildPhases = (
				D3A4026F879EBD8DDE84A10E /* [CP] Check Pods Manifest.lock */,
				5954061C209AB9AA0006A3CB /* Sources */,
				5954061D209AB9AA0006A3CB /* Frameworks */,
				5954061E209AB9AA0006A3CB /* Resources */,
				FFDF6B4114EB059C533B2B61 /* [CP] Embed Pods Frameworks */,
			);
			buildRules = (
			);
			dependencies = (
			);
			name = DrawTest;
			productName = DrawTest;
			productReference = 59540620209AB9AA0006A3CB /* DrawTest.app */;
			productType = "com.apple.product-type.application";
		};
/* End PBXNativeTarget section */

/* Begin PBXProject section */
		59540618209AB9AA0006A3CB /* Project object */ = {
			isa = PBXProject;
			attributes = {
				LastSwiftUpdateCheck = 0930;
				LastUpgradeCheck = 0930;
				ORGANIZATIONNAME = asa;
				TargetAttributes = {
					5954061F209AB9AA0006A3CB = {
						CreatedOnToolsVersion = 9.3;
					};
				};
			};
			buildConfigurationList = 5954061B209AB9AA0006A3CB /* Build configuration list for PBXProject "DrawTest" */;
			compatibilityVersion = "Xcode 9.3";
			developmentRegion = en;
			hasScannedForEncodings = 0;
			knownRegions = (
				en,
				Base,
			);
			mainGroup = 59540617209AB9AA0006A3CB;
			productRefGroup = 59540621209AB9AA0006A3CB /* Products */;
			projectDirPath = "";
			projectRoot = "";
			targets = (
				5954061F209AB9AA0006A3CB /* DrawTest */,
			);
		};
/* End PBXProject section */

/* Begin PBXResourcesBuildPhase section */
		5954061E209AB9AA0006A3CB /* Resources */ = {
			isa = PBXResourcesBuildPhase;
			buildActionMask = 2147483647;
			files = (
				5954062E209AB9AE0006A3CB /* LaunchScreen.storyboard in Resources */,
				59BDE90120B68A8900F0AF73 /* tessdata in Resources */,
				5954062B209AB9AE0006A3CB /* Assets.xcassets in Resources */,
				59540629209AB9AA0006A3CB /* Main.storyboard in Resources */,
			);
			runOnlyForDeploymentPostprocessing = 0;
		};
/* End PBXResourcesBuildPhase section */

/* Begin PBXShellScriptBuildPhase section */
		D3A4026F879EBD8DDE84A10E /* [CP] Check Pods Manifest.lock */ = {
			isa = PBXShellScriptBuildPhase;
			buildActionMask = 2147483647;
			files = (
			);
			inputPaths = (
				"${PODS_PODFILE_DIR_PATH}/Podfile.lock",
				"${PODS_ROOT}/Manifest.lock",
			);
			name = "[CP] Check Pods Manifest.lock";
			outputPaths = (
				"$(DERIVED_FILE_DIR)/Pods-DrawTest-checkManifestLockResult.txt",
			);
			runOnlyForDeploymentPostprocessing = 0;
			shellPath = /bin/sh;
			shellScript = "diff \"${PODS_PODFILE_DIR_PATH}/Podfile.lock\" \"${PODS_ROOT}/Manifest.lock\" > /dev/null\nif [ $? != 0 ] ; then\n    # print error to STDERR\n    echo \"error: The sandbox is not in sync with the Podfile.lock. Run 'pod install' or update your CocoaPods installation.\" >&2\n    exit 1\nfi\n# This output is used by Xcode 'outputs' to avoid re-running this script phase.\necho \"SUCCESS\" > \"${SCRIPT_OUTPUT_FILE_0}\"\n";
			showEnvVarsInLog = 0;
		};
		FFDF6B4114EB059C533B2B61 /* [CP] Embed Pods Frameworks */ = {
			isa = PBXShellScriptBuildPhase;
			buildActionMask = 2147483647;
			files = (
			);
			inputPaths = (
				"${SRCROOT}/Pods/Target Support Files/Pods-DrawTest/Pods-DrawTest-frameworks.sh",
				"${BUILT_PRODUCTS_DIR}/TesseractOCRiOS/TesseractOCR.framework",
			);
			name = "[CP] Embed Pods Frameworks";
			outputPaths = (
				"${TARGET_BUILD_DIR}/${FRAMEWORKS_FOLDER_PATH}/TesseractOCR.framework",
			);
			runOnlyForDeploymentPostprocessing = 0;
			shellPath = /bin/sh;
			shellScript = "\"${SRCROOT}/Pods/Target Support Files/Pods-DrawTest/Pods-DrawTest-frameworks.sh\"\n";
			showEnvVarsInLog = 0;
		};
/* End PBXShellScriptBuildPhase section */

/* Begin PBXSourcesBuildPhase section */
		5954061C209AB9AA0006A3CB /* Sources */ = {
			isa = PBXSourcesBuildPhase;
			buildActionMask = 2147483647;
			files = (
				59BDE8EC20AA9EF300F0AF73 /* ScratchMask.swift in Sources */,
				59540626209AB9AA0006A3CB /* ViewController.swift in Sources */,
				59540624209AB9AA0006A3CB /* AppDelegate.swift in Sources */,
				59540636209ABF250006A3CB /* Canvas.swift in Sources */,
				59BDE8EE20AA9F1A00F0AF73 /* ScratchCard.swift in Sources */,
			);
			runOnlyForDeploymentPostprocessing = 0;
		};
/* End PBXSourcesBuildPhase section */

/* Begin PBXVariantGroup section */
		59540627209AB9AA0006A3CB /* Main.storyboard */ = {
			isa = PBXVariantGroup;
			children = (
				59540628209AB9AA0006A3CB /* Base */,
			);
			name = Main.storyboard;
			sourceTree = "<group>";
		};
		5954062C209AB9AE0006A3CB /* LaunchScreen.storyboard */ = {
			isa = PBXVariantGroup;
			children = (
				5954062D209AB9AE0006A3CB /* Base */,
			);
			name = LaunchScreen.storyboard;
			sourceTree = "<group>";
		};
/* End PBXVariantGroup section */

/* Begin XCBuildConfiguration section */
		59540630209AB9AE0006A3CB /* Debug */ = {
			isa = XCBuildConfiguration;
			buildSettings = {
				ALWAYS_SEARCH_USER_PATHS = NO;
				CLANG_ANALYZER_NONNULL = YES;
				CLANG_ANALYZER_NUMBER_OBJECT_CONVERSION = YES_AGGRESSIVE;
				CLANG_CXX_LANGUAGE_STANDARD = "gnu++14";
				CLANG_CXX_LIBRARY = "libc++";
				CLANG_ENABLE_MODULES = YES;
				CLANG_ENABLE_OBJC_ARC = YES;
				CLANG_ENABLE_OBJC_WEAK = YES;
				CLANG_WARN_BLOCK_CAPTURE_AUTORELEASING = YES;
				CLANG_WARN_BOOL_CONVERSION = YES;
				CLANG_WARN_COMMA = YES;
				CLANG_WARN_CONSTANT_CONVERSION = YES;
				CLANG_WARN_DEPRECATED_OBJC_IMPLEMENTATIONS = YES;
				CLANG_WARN_DIRECT_OBJC_ISA_USAGE = YES_ERROR;
				CLANG_WARN_DOCUMENTATION_COMMENTS = YES;
				CLANG_WARN_EMPTY_BODY = YES;
				CLANG_WARN_ENUM_CONVERSION = YES;
				CLANG_WARN_INFINITE_RECURSION = YES;
				CLANG_WARN_INT_CONVERSION = YES;
				CLANG_WARN_NON_LITERAL_NULL_CONVERSION = YES;
				CLANG_WARN_OBJC_IMPLICIT_RETAIN_SELF = YES;
				CLANG_WARN_OBJC_LITERAL_CONVERSION = YES;
				CLANG_WARN_OBJC_ROOT_CLASS = YES_ERROR;
				CLANG_WARN_RANGE_LOOP_ANALYSIS = YES;
				CLANG_WARN_STRICT_PROTOTYPES = YES;
				CLANG_WARN_SUSPICIOUS_MOVE = YES;
				CLANG_WARN_UNGUARDED_AVAILABILITY = YES_AGGRESSIVE;
				CLANG_WARN_UNREACHABLE_CODE = YES;
				CLANG_WARN__DUPLICATE_METHOD_MATCH = YES;
				CODE_SIGN_IDENTITY = "iPhone Developer";
				COPY_PHASE_STRIP = NO;
				DEBUG_INFORMATION_FORMAT = dwarf;
				ENABLE_STRICT_OBJC_MSGSEND = YES;
				ENABLE_TESTABILITY = YES;
				GCC_C_LANGUAGE_STANDARD = gnu11;
				GCC_DYNAMIC_NO_PIC = NO;
				GCC_NO_COMMON_BLOCKS = YES;
				GCC_OPTIMIZATION_LEVEL = 0;
				GCC_PREPROCESSOR_DEFINITIONS = (
					"DEBUG=1",
					"$(inherited)",
				);
				GCC_WARN_64_TO_32_BIT_CONVERSION = YES;
				GCC_WARN_ABOUT_RETURN_TYPE = YES_ERROR;
				GCC_WARN_UNDECLARED_SELECTOR = YES;
				GCC_WARN_UNINITIALIZED_AUTOS = YES_AGGRESSIVE;
				GCC_WARN_UNUSED_FUNCTION = YES;
				GCC_WARN_UNUSED_VARIABLE = YES;
				IPHONEOS_DEPLOYMENT_TARGET = 11.3;
				MTL_ENABLE_DEBUG_INFO = YES;
				ONLY_ACTIVE_ARCH = YES;
				SDKROOT = iphoneos;
				SWIFT_ACTIVE_COMPILATION_CONDITIONS = DEBUG;
				SWIFT_OPTIMIZATION_LEVEL = "-Onone";
			};
			name = Debug;
		};
		59540631209AB9AE0006A3CB /* Release */ = {
			isa = XCBuildConfiguration;
			buildSettings = {
				ALWAYS_SEARCH_USER_PATHS = NO;
				CLANG_ANALYZER_NONNULL = YES;
				CLANG_ANALYZER_NUMBER_OBJECT_CONVERSION = YES_AGGRESSIVE;
				CLANG_CXX_LANGUAGE_STANDARD = "gnu++14";
				CLANG_CXX_LIBRARY = "libc++";
				CLANG_ENABLE_MODULES = YES;
				CLANG_ENABLE_OBJC_ARC = YES;
				CLANG_ENABLE_OBJC_WEAK = YES;
				CLANG_WARN_BLOCK_CAPTURE_AUTORELEASING = YES;
				CLANG_WARN_BOOL_CONVERSION = YES;
				CLANG_WARN_COMMA = YES;
				CLANG_WARN_CONSTANT_CONVERSION = YES;
				CLANG_WARN_DEPRECATED_OBJC_IMPLEMENTATIONS = YES;
				CLANG_WARN_DIRECT_OBJC_ISA_USAGE = YES_ERROR;
				CLANG_WARN_DOCUMENTATION_COMMENTS = YES;
				CLANG_WARN_EMPTY_BODY = YES;
				CLANG_WARN_ENUM_CONVERSION = YES;
				CLANG_WARN_INFINITE_RECURSION = YES;
				CLANG_WARN_INT_CONVERSION = YES;
				CLANG_WARN_NON_LITERAL_NULL_CONVERSION = YES;
				CLANG_WARN_OBJC_IMPLICIT_RETAIN_SELF = YES;
				CLANG_WARN_OBJC_LITERAL_CONVERSION = YES;
				CLANG_WARN_OBJC_ROOT_CLASS = YES_ERROR;
				CLANG_WARN_RANGE_LOOP_ANALYSIS = YES;
				CLANG_WARN_STRICT_PROTOTYPES = YES;
				CLANG_WARN_SUSPICIOUS_MOVE = YES;
				CLANG_WARN_UNGUARDED_AVAILABILITY = YES_AGGRESSIVE;
				CLANG_WARN_UNREACHABLE_CODE = YES;
				CLANG_WARN__DUPLICATE_METHOD_MATCH = YES;
				CODE_SIGN_IDENTITY = "iPhone Developer";
				COPY_PHASE_STRIP = NO;
				DEBUG_INFORMATION_FORMAT = "dwarf-with-dsym";
				ENABLE_NS_ASSERTIONS = NO;
				ENABLE_STRICT_OBJC_MSGSEND = YES;
				GCC_C_LANGUAGE_STANDARD = gnu11;
				GCC_NO_COMMON_BLOCKS = YES;
				GCC_WARN_64_TO_32_BIT_CONVERSION = YES;
				GCC_WARN_ABOUT_RETURN_TYPE = YES_ERROR;
				GCC_WARN_UNDECLARED_SELECTOR = YES;
				GCC_WARN_UNINITIALIZED_AUTOS = YES_AGGRESSIVE;
				GCC_WARN_UNUSED_FUNCTION = YES;
				GCC_WARN_UNUSED_VARIABLE = YES;
				IPHONEOS_DEPLOYMENT_TARGET = 11.3;
				MTL_ENABLE_DEBUG_INFO = NO;
				SDKROOT = iphoneos;
				SWIFT_COMPILATION_MODE = wholemodule;
				SWIFT_OPTIMIZATION_LEVEL = "-O";
				VALIDATE_PRODUCT = YES;
			};
			name = Release;
		};
		59540633209AB9AE0006A3CB /* Debug */ = {
			isa = XCBuildConfiguration;
			baseConfigurationReference = 98BB9414382679097AA93D6F /* Pods-DrawTest.debug.xcconfig */;
			buildSettings = {
				ASSETCATALOG_COMPILER_APPICON_NAME = AppIcon;
				CODE_SIGN_STYLE = Automatic;
				INFOPLIST_FILE = DrawTest/Info.plist;
				LD_RUNPATH_SEARCH_PATHS = (
					"$(inherited)",
					"@executable_path/Frameworks",
				);
				PRODUCT_BUNDLE_IDENTIFIER = asa.DrawTest;
				PRODUCT_NAME = "$(TARGET_NAME)";
				SWIFT_VERSION = 4.0;
				TARGETED_DEVICE_FAMILY = "1,2";
			};
			name = Debug;
		};
		59540634209AB9AE0006A3CB /* Release */ = {
			isa = XCBuildConfiguration;
			baseConfigurationReference = 414FC6A200A39E871E10F468 /* Pods-DrawTest.release.xcconfig */;
			buildSettings = {
				ASSETCATALOG_COMPILER_APPICON_NAME = AppIcon;
				CODE_SIGN_STYLE = Automatic;
				INFOPLIST_FILE = DrawTest/Info.plist;
				LD_RUNPATH_SEARCH_PATHS = (
					"$(inherited)",
					"@executable_path/Frameworks",
				);
				PRODUCT_BUNDLE_IDENTIFIER = asa.DrawTest;
				PRODUCT_NAME = "$(TARGET_NAME)";
				SWIFT_VERSION = 4.0;
				TARGETED_DEVICE_FAMILY = "1,2";
			};
			name = Release;
		};
/* End XCBuildConfiguration section */

/* Begin XCConfigurationList section */
		5954061B209AB9AA0006A3CB /* Build configuration list for PBXProject "DrawTest" */ = {
			isa = XCConfigurationList;
			buildConfigurations = (
				59540630209AB9AE0006A3CB /* Debug */,
				59540631209AB9AE0006A3CB /* Release */,
			);
			defaultConfigurationIsVisible = 0;
			defaultConfigurationName = Release;
		};
		59540632209AB9AE0006A3CB /* Build configuration list for PBXNativeTarget "DrawTest" */ = {
			isa = XCConfigurationList;
			buildConfigurations = (
				59540633209AB9AE0006A3CB /* Debug */,
				59540634209AB9AE0006A3CB /* Release */,
			);
			defaultConfigurationIsVisible = 0;
			defaultConfigurationName = Release;
		};
/* End XCConfigurationList section */
	};
	rootObject = 59540618209AB9AA0006A3CB /* Project object */;
}
